# This file is automatically @generated by Cargo.
# It is not intended for manual editing.
version = 3

[[package]]
name = "niulai-core"
version = "0.1.0"

[[package]]
name = "passport-core"
version = "0.1.0"

[[package]]
name = "passport-rust"
version = "0.1.0"
dependencies = [
 "niulai-core",
 "passport-core",
]
